// !$*UTF8*$!
{
	archiveVersion = 1;
	classes = {
	};
	objectVersion = 56;
	objects = {

/* Begin PBXBuildFile section */
		D5E075D42A37DF6300D5CBB3 /* assApp.swift in Sources */ = {isa = PBXBuildFile; fileRef = D5E075D32A37DF6300D5CBB3 /* assApp.swift */; };
		D5E075D62A37DF6300D5CBB3 /* ContentView.swift in Sources */ = {isa = PBXBuildFile; fileRef = D5E075D52A37DF6300D5CBB3 /* ContentView.swift */; };
		D5E075D82A37DF6700D5CBB3 /* Assets.xcassets in Resources */ = {isa = PBXBuildFile; fileRef = D5E075D72A37DF6700D5CBB3 /* Assets.xcassets */; };
		D5E075DB2A37DF6700D5CBB3 /* Preview Assets.xcassets in Resources */ = {isa = PBXBuildFile; fileRef = D5E075DA2A37DF6700D5CBB3 /* Preview Assets.xcassets */; };
		D5E075E62A37DF6800D5CBB3 /* assTests.swift in Sources */ = {isa = PBXBuildFile; fileRef = D5E075E52A37DF6800D5CBB3 /* assTests.swift */; };
		D5E075F02A37DF6800D5CBB3 /* assUITests.swift in Sources */ = {isa = PBXBuildFile; fileRef = D5E075EF2A37DF6800D5CBB3 /* assUITests.swift */; };
		D5E075F22A37DF6800D5CBB3 /* assUITestsLaunchTests.swift in Sources */ = {isa = PBXBuildFile; fileRef = D5E075F12A37DF6800D5CBB3 /* assUITestsLaunchTests.swift */; };
/* End PBXBuildFile section */

/* Begin PBXContainerItemProxy section */
		D5E075E22A37DF6800D5CBB3 /* PBXContainerItemProxy */ = {
			isa = PBXContainerItemProxy;
			containerPortal = D5E075C82A37DF6300D5CBB3 /* Project object */;
			proxyType = 1;
			remoteGlobalIDString = D5E075CF2A37DF6300D5CBB3;
			remoteInfo = ass;
		};
		D5E075EC2A37DF6800D5CBB3 /* PBXContainerItemProxy */ = {
			isa = PBXContainerItemProxy;
			containerPortal = D5E075C82A37DF6300D5CBB3 /* Project object */;
			proxyType = 1;
			remoteGlobalIDString = D5E075CF2A37DF6300D5CBB3;
			remoteInfo = ass;
		};
/* End PBXContainerItemProxy section */

/* Begin PBXFileReference section */
		D5E075D02A37DF6300D5CBB3 /* ass.app */ = {isa = PBXFileReference; explicitFileType = wrapper.application; includeInIndex = 0; path = ass.app; sourceTree = BUILT_PRODUCTS_DIR; };
		D5E075D32A37DF6300D5CBB3 /* assApp.swift */ = {isa = PBXFileReference; lastKnownFileType = sourcecode.swift; path = assApp.swift; sourceTree = "<group>"; };
		D5E075D52A37DF6300D5CBB3 /* ContentView.swift */ = {isa = PBXFileReference; lastKnownFileType = sourcecode.swift; path = ContentView.swift; sourceTree = "<group>"; };
		D5E075D72A37DF6700D5CBB3 /* Assets.xcassets */ = {isa = PBXFileReference; lastKnownFileType = folder.assetcatalog; path = Assets.xcassets; sourceTree = "<group>"; };
		D5E075DA2A37DF6700D5CBB3 /* Preview Assets.xcassets */ = {isa = PBXFileReference; lastKnownFileType = folder.assetcatalog; path = "Preview Assets.xcassets"; sourceTree = "<group>"; };
		D5E075DC2A37DF6700D5CBB3 /* ass.entitlements */ = {isa = PBXFileReference; lastKnownFileType = text.plist.entitlements; path = ass.entitlements; sourceTree = "<group>"; };
		D5E075E12A37DF6800D5CBB3 /* assTests.xctest */ = {isa = PBXFileReference; explicitFileType = wrapper.cfbundle; includeInIndex = 0; path = assTests.xctest; sourceTree = BUILT_PRODUCTS_DIR; };
		D5E075E52A37DF6800D5CBB3 /* assTests.swift */ = {isa = PBXFileReference; lastKnownFileType = sourcecode.swift; path = assTests.swift; sourceTree = "<group>"; };
		D5E075EB2A37DF6800D5CBB3 /* assUITests.xctest */ = {isa = PBXFileReference; explicitFileType = wrapper.cfbundle; includeInIndex = 0; path = assUITests.xctest; sourceTree = BUILT_PRODUCTS_DIR; };
		D5E075EF2A37DF6800D5CBB3 /* assUITests.swift */ = {isa = PBXFileReference; lastKnownFileType = sourcecode.swift; path = assUITests.swift; sourceTree = "<group>"; };
		D5E075F12A37DF6800D5CBB3 /* assUITestsLaunchTests.swift */ = {isa = PBXFileReference; lastKnownFileType = sourcecode.swift; path = assUITestsLaunchTests.swift; sourceTree = "<group>"; };
/* End PBXFileReference section */

/* Begin PBXFrameworksBuildPhase section */
		D5E075CD2A37DF6300D5CBB3 /* Frameworks */ = {
			isa = PBXFrameworksBuildPhase;
			buildActionMask = 2147483647;
			files = (
			);
			runOnlyForDeploymentPostprocessing = 0;
		};
		D5E075DE2A37DF6800D5CBB3 /* Frameworks */ = {
			isa = PBXFrameworksBuildPhase;
			buildActionMask = 2147483647;
			files = (
			);
			runOnlyForDeploymentPostprocessing = 0;
		};
		D5E075E82A37DF6800D5CBB3 /* Frameworks */ = {
			isa = PBXFrameworksBuildPhase;
			buildActionMask = 2147483647;
			files = (
			);
			runOnlyForDeploymentPostprocessing = 0;
		};
/* End PBXFrameworksBuildPhase section */

/* Begin PBXGroup section */
		D5E075C72A37DF6300D5CBB3 = {
			isa = PBXGroup;
			children = (
				D5E075D22A37DF6300D5CBB3 /* ass */,
				D5E075E42A37DF6800D5CBB3 /* assTests */,
				D5E075EE2A37DF6800D5CBB3 /* assUITests */,
				D5E075D12A37DF6300D5CBB3 /* Products */,
			);
			sourceTree = "<group>";
		};
		D5E075D12A37DF6300D5CBB3 /* Products */ = {
			isa = PBXGroup;
			children = (
				D5E075D02A37DF6300D5CBB3 /* ass.app */,
				D5E075E12A37DF6800D5CBB3 /* assTests.xctest */,
				D5E075EB2A37DF6800D5CBB3 /* assUITests.xctest */,
			);
			name = Products;
			sourceTree = "<group>";
		};
		D5E075D22A37DF6300D5CBB3 /* ass */ = {
			isa = PBXGroup;
			children = (
				D5E075D32A37DF6300D5CBB3 /* assApp.swift */,
				D5E075D52A37DF6300D5CBB3 /* ContentView.swift */,
				D5E075D72A37DF6700D5CBB3 /* Assets.xcassets */,
				D5E075DC2A37DF6700D5CBB3 /* ass.entitlements */,
				D5E075D92A37DF6700D5CBB3 /* Preview Content */,
			);
			path = ass;
			sourceTree = "<group>";
		};
		D5E075D92A37DF6700D5CBB3 /* Preview Content */ = {
			isa = PBXGroup;
			children = (
				D5E075DA2A37DF6700D5CBB3 /* Preview Assets.xcassets */,
			);
			path = "Preview Content";
			sourceTree = "<group>";
		};
		D5E075E42A37DF6800D5CBB3 /* assTests */ = {
			isa = PBXGroup;
			children = (
				D5E075E52A37DF6800D5CBB3 /* assTests.swift */,
			);
			path = assTests;
			sourceTree = "<group>";
		};
		D5E075EE2A37DF6800D5CBB3 /* assUITests */ = {
			isa = PBXGroup;
			children = (
				D5E075EF2A37DF6800D5CBB3 /* assUITests.swift */,
				D5E075F12A37DF6800D5CBB3 /* assUITestsLaunchTests.swift */,
			);
			path = assUITests;
			sourceTree = "<group>";
		};
/* End PBXGroup section */

/* Begin PBXNativeTarget section */
		D5E075CF2A37DF6300D5CBB3 /* ass */ = {
			isa = PBXNativeTarget;
			buildConfigurationList = D5E075F52A37DF6800D5CBB3 /* Build configuration list for PBXNativeTarget "ass" */;
			buildPhases = (
				D5E075CC2A37DF6300D5CBB3 /* Sources */,
				D5E075CD2A37DF6300D5CBB3 /* Frameworks */,
				D5E075CE2A37DF6300D5CBB3 /* Resources */,
			);
			buildRules = (
			);
			dependencies = (
			);
			name = ass;
			productName = ass;
			productReference = D5E075D02A37DF6300D5CBB3 /* ass.app */;
			productType = "com.apple.product-type.application";
		};
		D5E075E02A37DF6800D5CBB3 /* assTests */ = {
			isa = PBXNativeTarget;
			buildConfigurationList = D5E075F82A37DF6800D5CBB3 /* Build configuration list for PBXNativeTarget "assTests" */;
			buildPhases = (
				D5E075DD2A37DF6800D5CBB3 /* Sources */,
				D5E075DE2A37DF6800D5CBB3 /* Frameworks */,
				D5E075DF2A37DF6800D5CBB3 /* Resources */,
			);
			buildRules = (
			);
			dependencies = (
				D5E075E32A37DF6800D5CBB3 /* PBXTargetDependency */,
			);
			name = assTests;
			productName = assTests;
			productReference = D5E075E12A37DF6800D5CBB3 /* assTests.xctest */;
			productType = "com.apple.product-type.bundle.unit-test";
		};
		D5E075EA2A37DF6800D5CBB3 /* assUITests */ = {
			isa = PBXNativeTarget;
			buildConfigurationList = D5E075FB2A37DF6800D5CBB3 /* Build configuration list for PBXNativeTarget "assUITests" */;
			buildPhases = (
				D5E075E72A37DF6800D5CBB3 /* Sources */,
				D5E075E82A37DF6800D5CBB3 /* Frameworks */,
				D5E075E92A37DF6800D5CBB3 /* Resources */,
			);
			buildRules = (
			);
			dependencies = (
				D5E075ED2A37DF6800D5CBB3 /* PBXTargetDependency */,
			);
			name = assUITests;
			productName = assUITests;
			productReference = D5E075EB2A37DF6800D5CBB3 /* assUITests.xctest */;
			productType = "com.apple.product-type.bundle.ui-testing";
		};
/* End PBXNativeTarget section */

/* Begin PBXProject section */
		D5E075C82A37DF6300D5CBB3 /* Project object */ = {
			isa = PBXProject;
			attributes = {
				BuildIndependentTargetsInParallel = 1;
				LastSwiftUpdateCheck = 1400;
				LastUpgradeCheck = 1400;
				TargetAttributes = {
					D5E075CF2A37DF6300D5CBB3 = {
						CreatedOnToolsVersion = 14.0.1;
					};
					D5E075E02A37DF6800D5CBB3 = {
						CreatedOnToolsVersion = 14.0.1;
						TestTargetID = D5E075CF2A37DF6300D5CBB3;
					};
					D5E075EA2A37DF6800D5CBB3 = {
						CreatedOnToolsVersion = 14.0.1;
						TestTargetID = D5E075CF2A37DF6300D5CBB3;
					};
				};
			};
			buildConfigurationList = D5E075CB2A37DF6300D5CBB3 /* Build configuration list for PBXProject "ass" */;
			compatibilityVersion = "Xcode 14.0";
			developmentRegion = en;
			hasScannedForEncodings = 0;
			knownRegions = (
				en,
				Base,
			);
			mainGroup = D5E075C72A37DF6300D5CBB3;
			productRefGroup = D5E075D12A37DF6300D5CBB3 /* Products */;
			projectDirPath = "";
			projectRoot = "";
			targets = (
				D5E075CF2A37DF6300D5CBB3 /* ass */,
				D5E075E02A37DF6800D5CBB3 /* assTests */,
				D5E075EA2A37DF6800D5CBB3 /* assUITests */,
			);
		};
/* End PBXProject section */

/* Begin PBXResourcesBuildPhase section */
		D5E075CE2A37DF6300D5CBB3 /* Resources */ = {
			isa = PBXResourcesBuildPhase;
			buildActionMask = 2147483647;
			files = (
				D5E075DB2A37DF6700D5CBB3 /* Preview Assets.xcassets in Resources */,
				D5E075D82A37DF6700D5CBB3 /* Assets.xcassets in Resources */,
			);
			runOnlyForDeploymentPostprocessing = 0;
		};
		D5E075DF2A37DF6800D5CBB3 /* Resources */ = {
			isa = PBXResourcesBuildPhase;
			buildActionMask = 2147483647;
			files = (
			);
			runOnlyForDeploymentPostprocessing = 0;
		};
		D5E075E92A37DF6800D5CBB3 /* Resources */ = {
			isa = PBXResourcesBuildPhase;
			buildActionMask = 2147483647;
			files = (
			);
			runOnlyForDeploymentPostprocessing = 0;
		};
/* End PBXResourcesBuildPhase section */

/* Begin PBXSourcesBuildPhase section */
		D5E075CC2A37DF6300D5CBB3 /* Sources */ = {
			isa = PBXSourcesBuildPhase;
			buildActionMask = 2147483647;
			files = (
				D5E075D62A37DF6300D5CBB3 /* ContentView.swift in Sources */,
				D5E075D42A37DF6300D5CBB3 /* assApp.swift in Sources */,
			);
			runOnlyForDeploymentPostprocessing = 0;
		};
		D5E075DD2A37DF6800D5CBB3 /* Sources */ = {
			isa = PBXSourcesBuildPhase;
			buildActionMask = 2147483647;
			files = (
				D5E075E62A37DF6800D5CBB3 /* assTests.swift in Sources */,
			);
			runOnlyForDeploymentPostprocessing = 0;
		};
		D5E075E72A37DF6800D5CBB3 /* Sources */ = {
			isa = PBXSourcesBuildPhase;
			buildActionMask = 2147483647;
			files = (
				D5E075F22A37DF6800D5CBB3 /* assUITestsLaunchTests.swift in Sources */,
				D5E075F02A37DF6800D5CBB3 /* assUITests.swift in Sources */,
			);
			runOnlyForDeploymentPostprocessing = 0;
		};
/* End PBXSourcesBuildPhase section */

/* Begin PBXTargetDependency section */
		D5E075E32A37DF6800D5CBB3 /* PBXTargetDependency */ = {
			isa = PBXTargetDependency;
			target = D5E075CF2A37DF6300D5CBB3 /* ass */;
			targetProxy = D5E075E22A37DF6800D5CBB3 /* PBXContainerItemProxy */;
		};
		D5E075ED2A37DF6800D5CBB3 /* PBXTargetDependency */ = {
			isa = PBXTargetDependency;
			target = D5E075CF2A37DF6300D5CBB3 /* ass */;
			targetProxy = D5E075EC2A37DF6800D5CBB3 /* PBXContainerItemProxy */;
		};
/* End PBXTargetDependency section */

/* Begin XCBuildConfiguration section */
		D5E075F32A37DF6800D5CBB3 /* Debug */ = {
			isa = XCBuildConfiguration;
			buildSettings = {
				ALWAYS_SEARCH_USER_PATHS = NO;
				CLANG_ANALYZER_NONNULL = YES;
				CLANG_ANALYZER_NUMBER_OBJECT_CONVERSION = YES_AGGRESSIVE;
				CLANG_CXX_LANGUAGE_STANDARD = "gnu++20";
				CLANG_ENABLE_MODULES = YES;
				CLANG_ENABLE_OBJC_ARC = YES;
				CLANG_ENABLE_OBJC_WEAK = YES;
				CLANG_WARN_BLOCK_CAPTURE_AUTORELEASING = YES;
				CLANG_WARN_BOOL_CONVERSION = YES;
				CLANG_WARN_COMMA = YES;
				CLANG_WARN_CONSTANT_CONVERSION = YES;
				CLANG_WARN_DEPRECATED_OBJC_IMPLEMENTATIONS = YES;
				CLANG_WARN_DIRECT_OBJC_ISA_USAGE = YES_ERROR;
				CLANG_WARN_DOCUMENTATION_COMMENTS = YES;
				CLANG_WARN_EMPTY_BODY = YES;
				CLANG_WARN_ENUM_CONVERSION = YES;
				CLANG_WARN_INFINITE_RECURSION = YES;
				CLANG_WARN_INT_CONVERSION = YES;
				CLANG_WARN_NON_LITERAL_NULL_CONVERSION = YES;
				CLANG_WARN_OBJC_IMPLICIT_RETAIN_SELF = YES;
				CLANG_WARN_OBJC_LITERAL_CONVERSION = YES;
				CLANG_WARN_OBJC_ROOT_CLASS = YES_ERROR;
				CLANG_WARN_QUOTED_INCLUDE_IN_FRAMEWORK_HEADER = YES;
				CLANG_WARN_RANGE_LOOP_ANALYSIS = YES;
				CLANG_WARN_STRICT_PROTOTYPES = YES;
				CLANG_WARN_SUSPICIOUS_MOVE = YES;
				CLANG_WARN_UNGUARDED_AVAILABILITY = YES_AGGRESSIVE;
				CLANG_WARN_UNREACHABLE_CODE = YES;
				CLANG_WARN__DUPLICATE_METHOD_MATCH = YES;
				COPY_PHASE_STRIP = NO;
				DEBUG_INFORMATION_FORMAT = dwarf;
				ENABLE_STRICT_OBJC_MSGSEND = YES;
				ENABLE_TESTABILITY = YES;
				GCC_C_LANGUAGE_STANDARD = gnu11;
				GCC_DYNAMIC_NO_PIC = NO;
				GCC_NO_COMMON_BLOCKS = YES;
				GCC_OPTIMIZATION_LEVEL = 0;
				GCC_PREPROCESSOR_DEFINITIONS = (
					"DEBUG=1",
					"$(inherited)",
				);
				GCC_WARN_64_TO_32_BIT_CONVERSION = YES;
				GCC_WARN_ABOUT_RETURN_TYPE = YES_ERROR;
				GCC_WARN_UNDECLARED_SELECTOR = YES;
				GCC_WARN_UNINITIALIZED_AUTOS = YES_AGGRESSIVE;
				GCC_WARN_UNUSED_FUNCTION = YES;
				GCC_WARN_UNUSED_VARIABLE = YES;
				MACOSX_DEPLOYMENT_TARGET = 12.3;
				MTL_ENABLE_DEBUG_INFO = INCLUDE_SOURCE;
				MTL_FAST_MATH = YES;
				ONLY_ACTIVE_ARCH = YES;
				SDKROOT = macosx;
				SWIFT_ACTIVE_COMPILATION_CONDITIONS = DEBUG;
				SWIFT_OPTIMIZATION_LEVEL = "-Onone";
			};
			name = Debug;
		};
		D5E075F42A37DF6800D5CBB3 /* Release */ = {
			isa = XCBuildConfiguration;
			buildSettings = {
				ALWAYS_SEARCH_USER_PATHS = NO;
				CLANG_ANALYZER_NONNULL = YES;
				CLANG_ANALYZER_NUMBER_OBJECT_CONVERSION = YES_AGGRESSIVE;
				CLANG_CXX_LANGUAGE_STANDARD = "gnu++20";
				CLANG_ENABLE_MODULES = YES;
				CLANG_ENABLE_OBJC_ARC = YES;
				CLANG_ENABLE_OBJC_WEAK = YES;
				CLANG_WARN_BLOCK_CAPTURE_AUTORELEASING = YES;
				CLANG_WARN_BOOL_CONVERSION = YES;
				CLANG_WARN_COMMA = YES;
				CLANG_WARN_CONSTANT_CONVERSION = YES;
				CLANG_WARN_DEPRECATED_OBJC_IMPLEMENTATIONS = YES;
				CLANG_WARN_DIRECT_OBJC_ISA_USAGE = YES_ERROR;
				CLANG_WARN_DOCUMENTATION_COMMENTS = YES;
				CLANG_WARN_EMPTY_BODY = YES;
				CLANG_WARN_ENUM_CONVERSION = YES;
				CLANG_WARN_INFINITE_RECURSION = YES;
				CLANG_WARN_INT_CONVERSION = YES;
				CLANG_WARN_NON_LITERAL_NULL_CONVERSION = YES;
				CLANG_WARN_OBJC_IMPLICIT_RETAIN_SELF = YES;
				CLANG_WARN_OBJC_LITERAL_CONVERSION = YES;
				CLANG_WARN_OBJC_ROOT_CLASS = YES_ERROR;
				CLANG_WARN_QUOTED_INCLUDE_IN_FRAMEWORK_HEADER = YES;
				CLANG_WARN_RANGE_LOOP_ANALYSIS = YES;
				CLANG_WARN_STRICT_PROTOTYPES = YES;
				CLANG_WARN_SUSPICIOUS_MOVE = YES;
				CLANG_WARN_UNGUARDED_AVAILABILITY = YES_AGGRESSIVE;
				CLANG_WARN_UNREACHABLE_CODE = YES;
				CLANG_WARN__DUPLICATE_METHOD_MATCH = YES;
				COPY_PHASE_STRIP = NO;
				DEBUG_INFORMATION_FORMAT = "dwarf-with-dsym";
				ENABLE_NS_ASSERTIONS = NO;
				ENABLE_STRICT_OBJC_MSGSEND = YES;
				GCC_C_LANGUAGE_STANDARD = gnu11;
				GCC_NO_COMMON_BLOCKS = YES;
				GCC_WARN_64_TO_32_BIT_CONVERSION = YES;
				GCC_WARN_ABOUT_RETURN_TYPE = YES_ERROR;
				GCC_WARN_UNDECLARED_SELECTOR = YES;
				GCC_WARN_UNINITIALIZED_AUTOS = YES_AGGRESSIVE;
				GCC_WARN_UNUSED_FUNCTION = YES;
				GCC_WARN_UNUSED_VARIABLE = YES;
				MACOSX_DEPLOYMENT_TARGET = 12.3;
				MTL_ENABLE_DEBUG_INFO = NO;
				MTL_FAST_MATH = YES;
				SDKROOT = macosx;
				SWIFT_COMPILATION_MODE = wholemodule;
				SWIFT_OPTIMIZATION_LEVEL = "-O";
			};
			name = Release;
		};
		D5E075F62A37DF6800D5CBB3 /* Debug */ = {
			isa = XCBuildConfiguration;
			buildSettings = {
				ASSETCATALOG_COMPILER_APPICON_NAME = AppIcon;
				ASSETCATALOG_COMPILER_GLOBAL_ACCENT_COLOR_NAME = AccentColor;
				CODE_SIGN_ENTITLEMENTS = ass/ass.entitlements;
				CODE_SIGN_STYLE = Automatic;
				COMBINE_HIDPI_IMAGES = YES;
				CURRENT_PROJECT_VERSION = 1;
				DEVELOPMENT_ASSET_PATHS = "\"ass/Preview Content\"";
				ENABLE_PREVIEWS = YES;
				GENERATE_INFOPLIST_FILE = YES;
				INFOPLIST_KEY_NSHumanReadableCopyright = "";
				LD_RUNPATH_SEARCH_PATHS = (
					"$(inherited)",
					"@executable_path/../Frameworks",
				);
				MARKETING_VERSION = 1.0;
				PRODUCT_BUNDLE_IDENTIFIER = app.ass;
				PRODUCT_NAME = "$(TARGET_NAME)";
				SWIFT_EMIT_LOC_STRINGS = YES;
				SWIFT_VERSION = 5.0;
			};
			name = Debug;
		};
		D5E075F72A37DF6800D5CBB3 /* Release */ = {
			isa = XCBuildConfiguration;
			buildSettings = {
				ASSETCATALOG_COMPILER_APPICON_NAME = AppIcon;
				ASSETCATALOG_COMPILER_GLOBAL_ACCENT_COLOR_NAME = AccentColor;
				CODE_SIGN_ENTITLEMENTS = ass/ass.entitlements;
				CODE_SIGN_STYLE = Automatic;
				COMBINE_HIDPI_IMAGES = YES;
				CURRENT_PROJECT_VERSION = 1;
				DEVELOPMENT_ASSET_PATHS = "\"ass/Preview Content\"";
				ENABLE_PREVIEWS = YES;
				GENERATE_INFOPLIST_FILE = YES;
				INFOPLIST_KEY_NSHumanReadableCopyright = "";
				LD_RUNPATH_SEARCH_PATHS = (
					"$(inherited)",
					"@executable_path/../Frameworks",
				);
				MARKETING_VERSION = 1.0;
				PRODUCT_BUNDLE_IDENTIFIER = app.ass;
				PRODUCT_NAME = "$(TARGET_NAME)";
				SWIFT_EMIT_LOC_STRINGS = YES;
				SWIFT_VERSION = 5.0;
			};
			name = Release;
		};
		D5E075F92A37DF6800D5CBB3 /* Debug */ = {
			isa = XCBuildConfiguration;
			buildSettings = {
				ALWAYS_EMBED_SWIFT_STANDARD_LIBRARIES = YES;
				BUNDLE_LOADER = "$(TEST_HOST)";
				CODE_SIGN_STYLE = Automatic;
				CURRENT_PROJECT_VERSION = 1;
				GENERATE_INFOPLIST_FILE = YES;
				MACOSX_DEPLOYMENT_TARGET = 12.3;
				MARKETING_VERSION = 1.0;
				PRODUCT_BUNDLE_IDENTIFIER = app.assTests;
				PRODUCT_NAME = "$(TARGET_NAME)";
				SWIFT_EMIT_LOC_STRINGS = NO;
				SWIFT_VERSION = 5.0;
				TEST_HOST = "$(BUILT_PRODUCTS_DIR)/ass.app/$(BUNDLE_EXECUTABLE_FOLDER_PATH)/ass";
			};
			name = Debug;
		};
		D5E075FA2A37DF6800D5CBB3 /* Release */ = {
			isa = XCBuildConfiguration;
			buildSettings = {
				ALWAYS_EMBED_SWIFT_STANDARD_LIBRARIES = YES;
				BUNDLE_LOADER = "$(TEST_HOST)";
				CODE_SIGN_STYLE = Automatic;
				CURRENT_PROJECT_VERSION = 1;
				GENERATE_INFOPLIST_FILE = YES;
				MACOSX_DEPLOYMENT_TARGET = 12.3;
				MARKETING_VERSION = 1.0;
				PRODUCT_BUNDLE_IDENTIFIER = app.assTests;
				PRODUCT_NAME = "$(TARGET_NAME)";
				SWIFT_EMIT_LOC_STRINGS = NO;
				SWIFT_VERSION = 5.0;
				TEST_HOST = "$(BUILT_PRODUCTS_DIR)/ass.app/$(BUNDLE_EXECUTABLE_FOLDER_PATH)/ass";
			};
			name = Release;
		};
		D5E075FC2A37DF6800D5CBB3 /* Debug */ = {
			isa = XCBuildConfiguration;
			buildSettings = {
				ALWAYS_EMBED_SWIFT_STANDARD_LIBRARIES = YES;
				CODE_SIGN_STYLE = Automatic;
				CURRENT_PROJECT_VERSION = 1;
				GENERATE_INFOPLIST_FILE = YES;
				MARKETING_VERSION = 1.0;
				PRODUCT_BUNDLE_IDENTIFIER = app.assUITests;
				PRODUCT_NAME = "$(TARGET_NAME)";
				SWIFT_EMIT_LOC_STRINGS = NO;
				SWIFT_VERSION = 5.0;
				TEST_TARGET_NAME = ass;
			};
			name = Debug;
		};
		D5E075FD2A37DF6800D5CBB3 /* Release */ = {
			isa = XCBuildConfiguration;
			buildSettings = {
				ALWAYS_EMBED_SWIFT_STANDARD_LIBRARIES = YES;
				CODE_SIGN_STYLE = Automatic;
				CURRENT_PROJECT_VERSION = 1;
				GENERATE_INFOPLIST_FILE = YES;
				MARKETING_VERSION = 1.0;
				PRODUCT_BUNDLE_IDENTIFIER = app.assUITests;
				PRODUCT_NAME = "$(TARGET_NAME)";
				SWIFT_EMIT_LOC_STRINGS = NO;
				SWIFT_VERSION = 5.0;
				TEST_TARGET_NAME = ass;
			};
			name = Release;
		};
/* End XCBuildConfiguration section */

/* Begin XCConfigurationList section */
		D5E075CB2A37DF6300D5CBB3 /* Build configuration list for PBXProject "ass" */ = {
			isa = XCConfigurationList;
			buildConfigurations = (
				D5E075F32A37DF6800D5CBB3 /* Debug */,
				D5E075F42A37DF6800D5CBB3 /* Release */,
			);
			defaultConfigurationIsVisible = 0;
			defaultConfigurationName = Release;
		};
		D5E075F52A37DF6800D5CBB3 /* Build configuration list for PBXNativeTarget "ass" */ = {
			isa = XCConfigurationList;
			buildConfigurations = (
				D5E075F62A37DF6800D5CBB3 /* Debug */,
				D5E075F72A37DF6800D5CBB3 /* Release */,
			);
			defaultConfigurationIsVisible = 0;
			defaultConfigurationName = Release;
		};
		D5E075F82A37DF6800D5CBB3 /* Build configuration list for PBXNativeTarget "assTests" */ = {
			isa = XCConfigurationList;
			buildConfigurations = (
				D5E075F92A37DF6800D5CBB3 /* Debug */,
				D5E075FA2A37DF6800D5CBB3 /* Release */,
			);
			defaultConfigurationIsVisible = 0;
			defaultConfigurationName = Release;
		};
		D5E075FB2A37DF6800D5CBB3 /* Build configuration list for PBXNativeTarget "assUITests" */ = {
			isa = XCConfigurationList;
			buildConfigurations = (
				D5E075FC2A37DF6800D5CBB3 /* Debug */,
				D5E075FD2A37DF6800D5CBB3 /* Release */,
			);
			defaultConfigurationIsVisible = 0;
			defaultConfigurationName = Release;
		};
/* End XCConfigurationList section */
	};
	rootObject = D5E075C82A37DF6300D5CBB3 /* Project object */;
}
